
Microsoft Visual Studio Solution File, Format Version 12.00
# Visual Studio Version 17
VisualStudioVersion = 17.3.32819.101
MinimumVisualStudioVersion = 10.0.40219.1
Project("{9A19103F-16F7-4668-BE54-9A1E7A4F7556}") = "TheRobot", "TheRobot\TheRobot.csproj", "{AF4492E8-149E-497F-AB42-E306ABEDECDB}"
EndProject
Project("{9A19103F-16F7-4668-BE54-9A1E7A4F7556}") = "TestRobot", "TestRobot\TestRobot.csproj", "{B2178F6A-D0C2-4A81-BB49-63A9C1B252E7}"
EndProject
Project("{9A19103F-16F7-4668-BE54-9A1E7A4F7556}") = "InsuranceDomains", "InsuranceDomains\InsuranceDomains.csproj", "{3A325E7D-A32A-4C06-8E4F-948BBEB84C35}"
EndProject
Project("{9A19103F-16F7-4668-BE54-9A1E7A4F7556}") = "IntegrationTestRPAChallenge", "IntegrationTestRPAChallenge\IntegrationTestRPAChallenge.csproj", "{E05A8417-FFE9-4588-9255-BCA9FBCBB6A8}"
EndProject
Project("{9A19103F-16F7-4668-BE54-9A1E7A4F7556}") = "StatesAndEvents", "StatesAndEvents\StatesAndEvents.csproj", "{121A2D7A-1F17-401C-8137-5BDA3DCFA9D2}"
EndProject
Project("{9A19103F-16F7-4668-BE54-9A1E7A4F7556}") = "CiaExemplo", "CiaExemplo\CiaExemplo.csproj", "{2BA52C5E-52C8-4BC2-87D3-20B29BD56D80}"
EndProject
Project("{9A19103F-16F7-4668-BE54-9A1E7A4F7556}") = "InsuranceRobot", "WorkerService1\InsuranceRobot.csproj", "{E76AD707-F02E-40C4-9E2C-F43E7F3272C0}"
EndProject
Project("{9A19103F-16F7-4668-BE54-9A1E7A4F7556}") = "JsonDocumentsManager", "JsonDocumentsManager\JsonDocumentsManager.csproj", "{0E6DEAF9-A10B-4E4F-B1E6-28F9D9DA85CA}"
EndProject
Project("{9A19103F-16F7-4668-BE54-9A1E7A4F7556}") = "ConsoleApp2", "ConsoleApp2\ConsoleApp2.csproj", "{0AE496FE-E461-41A5-B785-66B289261865}"
EndProject
Global
	GlobalSection(SolutionConfigurationPlatforms) = preSolution
		Debug|Any CPU = Debug|Any CPU
		Release|Any CPU = Release|Any CPU
	EndGlobalSection
	GlobalSection(ProjectConfigurationPlatforms) = postSolution
		{AF4492E8-149E-497F-AB42-E306ABEDECDB}.Debug|Any CPU.ActiveCfg = Debug|Any CPU
		{AF4492E8-149E-497F-AB42-E306ABEDECDB}.Debug|Any CPU.Build.0 = Debug|Any CPU
		{AF4492E8-149E-497F-AB42-E306ABEDECDB}.Release|Any CPU.ActiveCfg = Release|Any CPU
		{AF4492E8-149E-497F-AB42-E306ABEDECDB}.Release|Any CPU.Build.0 = Release|Any CPU
		{B2178F6A-D0C2-4A81-BB49-63A9C1B252E7}.Debug|Any CPU.ActiveCfg = Debug|Any CPU
		{B2178F6A-D0C2-4A81-BB49-63A9C1B252E7}.Debug|Any CPU.Build.0 = Debug|Any CPU
		{B2178F6A-D0C2-4A81-BB49-63A9C1B252E7}.Release|Any CPU.ActiveCfg = Release|Any CPU
		{B2178F6A-D0C2-4A81-BB49-63A9C1B252E7}.Release|Any CPU.Build.0 = Release|Any CPU
		{3A325E7D-A32A-4C06-8E4F-948BBEB84C35}.Debug|Any CPU.ActiveCfg = Debug|Any CPU
		{3A325E7D-A32A-4C06-8E4F-948BBEB84C35}.Debug|Any CPU.Build.0 = Debug|Any CPU
		{3A325E7D-A32A-4C06-8E4F-948BBEB84C35}.Release|Any CPU.ActiveCfg = Release|Any CPU
		{3A325E7D-A32A-4C06-8E4F-948BBEB84C35}.Release|Any CPU.Build.0 = Release|Any CPU
		{E05A8417-FFE9-4588-9255-BCA9FBCBB6A8}.Debug|Any CPU.ActiveCfg = Debug|Any CPU
		{E05A8417-FFE9-4588-9255-BCA9FBCBB6A8}.Debug|Any CPU.Build.0 = Debug|Any CPU
		{E05A8417-FFE9-4588-9255-BCA9FBCBB6A8}.Release|Any CPU.ActiveCfg = Release|Any CPU
		{E05A8417-FFE9-4588-9255-BCA9FBCBB6A8}.Release|Any CPU.Build.0 = Release|Any CPU
		{121A2D7A-1F17-401C-8137-5BDA3DCFA9D2}.Debug|Any CPU.ActiveCfg = Debug|Any CPU
		{121A2D7A-1F17-401C-8137-5BDA3DCFA9D2}.Debug|Any CPU.Build.0 = Debug|Any CPU
		{121A2D7A-1F17-401C-8137-5BDA3DCFA9D2}.Release|Any CPU.ActiveCfg = Release|Any CPU
		{121A2D7A-1F17-401C-8137-5BDA3DCFA9D2}.Release|Any CPU.Build.0 = Release|Any CPU
		{2BA52C5E-52C8-4BC2-87D3-20B29BD56D80}.Debug|Any CPU.ActiveCfg = Debug|Any CPU
		{2BA52C5E-52C8-4BC2-87D3-20B29BD56D80}.Debug|Any CPU.Build.0 = Debug|Any CPU
		{2BA52C5E-52C8-4BC2-87D3-20B29BD56D80}.Release|Any CPU.ActiveCfg = Release|Any CPU
		{2BA52C5E-52C8-4BC2-87D3-20B29BD56D80}.Release|Any CPU.Build.0 = Release|Any CPU
		{E76AD707-F02E-40C4-9E2C-F43E7F3272C0}.Debug|Any CPU.ActiveCfg = Debug|Any CPU
		{E76AD707-F02E-40C4-9E2C-F43E7F3272C0}.Debug|Any CPU.Build.0 = Debug|Any CPU
		{E76AD707-F02E-40C4-9E2C-F43E7F3272C0}.Release|Any CPU.ActiveCfg = Release|Any CPU
		{E76AD707-F02E-40C4-9E2C-F43E7F3272C0}.Release|Any CPU.Build.0 = Release|Any CPU
		{0E6DEAF9-A10B-4E4F-B1E6-28F9D9DA85CA}.Debug|Any CPU.ActiveCfg = Debug|Any CPU
		{0E6DEAF9-A10B-4E4F-B1E6-28F9D9DA85CA}.Debug|Any CPU.Build.0 = Debug|Any CPU
		{0E6DEAF9-A10B-4E4F-B1E6-28F9D9DA85CA}.Release|Any CPU.ActiveCfg = Release|Any CPU
		{0E6DEAF9-A10B-4E4F-B1E6-28F9D9DA85CA}.Release|Any CPU.Build.0 = Release|Any CPU
		{0AE496FE-E461-41A5-B785-66B289261865}.Debug|Any CPU.ActiveCfg = Debug|Any CPU
		{0AE496FE-E461-41A5-B785-66B289261865}.Debug|Any CPU.Build.0 = Debug|Any CPU
		{0AE496FE-E461-41A5-B785-66B289261865}.Release|Any CPU.ActiveCfg = Release|Any CPU
		{0AE496FE-E461-41A5-B785-66B289261865}.Release|Any CPU.Build.0 = Release|Any CPU
	EndGlobalSection
	GlobalSection(SolutionProperties) = preSolution
		HideSolutionNode = FALSE
	EndGlobalSection
	GlobalSection(ExtensibilityGlobals) = postSolution
		SolutionGuid = {F1F884AB-A18E-440C-8954-DDE8CF3219C5}
	EndGlobalSection
EndGlobal
