
Microsoft Visual Studio Solution File, Format Version 12.00
# Visual Studio Version 17
VisualStudioVersion = 17.3.32819.101
MinimumVisualStudioVersion = 10.0.40219.1
Project("{FAE04EC0-301F-11D3-BF4B-00C04F79EFBC}") = "TheRobot", "TheRobot\TheRobot.csproj", "{AF4492E8-149E-497F-AB42-E306ABEDECDB}"
EndProject
Project("{FAE04EC0-301F-11D3-BF4B-00C04F79EFBC}") = "TestRobot", "TestRobot\TestRobot.csproj", "{B2178F6A-D0C2-4A81-BB49-63A9C1B252E7}"
EndProject
Global
	GlobalSection(SolutionConfigurationPlatforms) = preSolution
		Debug|Any CPU = Debug|Any CPU
		Release|Any CPU = Release|Any CPU
	EndGlobalSection
	GlobalSection(ProjectConfigurationPlatforms) = postSolution
		{AF4492E8-149E-497F-AB42-E306ABEDECDB}.Debug|Any CPU.ActiveCfg = Debug|Any CPU
		{AF4492E8-149E-497F-AB42-E306ABEDECDB}.Debug|Any CPU.Build.0 = Debug|Any CPU
		{AF4492E8-149E-497F-AB42-E306ABEDECDB}.Release|Any CPU.ActiveCfg = Release|Any CPU
		{AF4492E8-149E-497F-AB42-E306ABEDECDB}.Release|Any CPU.Build.0 = Release|Any CPU
		{B2178F6A-D0C2-4A81-BB49-63A9C1B252E7}.Debug|Any CPU.ActiveCfg = Debug|Any CPU
		{B2178F6A-D0C2-4A81-BB49-63A9C1B252E7}.Debug|Any CPU.Build.0 = Debug|Any CPU
		{B2178F6A-D0C2-4A81-BB49-63A9C1B252E7}.Release|Any CPU.ActiveCfg = Release|Any CPU
		{B2178F6A-D0C2-4A81-BB49-63A9C1B252E7}.Release|Any CPU.Build.0 = Release|Any CPU
	EndGlobalSection
	GlobalSection(SolutionProperties) = preSolution
		HideSolutionNode = FALSE
	EndGlobalSection
	GlobalSection(ExtensibilityGlobals) = postSolution
		SolutionGuid = {F1F884AB-A18E-440C-8954-DDE8CF3219C5}
	EndGlobalSection
EndGlobal
